
Microsoft Visual Studio Solution File, Format Version 12.00
# Visual Studio Version 16
VisualStudioVersion = 16.0.31129.286
MinimumVisualStudioVersion = 10.0.40219.1
Project("{FAE04EC0-301F-11D3-BF4B-00C04F79EFBC}") = "Web_Api_Project", "Web_Api_Project.csproj", "{857724EE-0636-413C-8EE4-89202FE631C2}"
EndProject
Global
	GlobalSection(SolutionConfigurationPlatforms) = preSolution
		Debug|Any CPU = Debug|Any CPU
		Release|Any CPU = Release|Any CPU
	EndGlobalSection
	GlobalSection(ProjectConfigurationPlatforms) = postSolution
		{857724EE-0636-413C-8EE4-89202FE631C2}.Debug|Any CPU.ActiveCfg = Debug|Any CPU
		{857724EE-0636-413C-8EE4-89202FE631C2}.Debug|Any CPU.Build.0 = Debug|Any CPU
		{857724EE-0636-413C-8EE4-89202FE631C2}.Release|Any CPU.ActiveCfg = Release|Any CPU
		{857724EE-0636-413C-8EE4-89202FE631C2}.Release|Any CPU.Build.0 = Release|Any CPU
	EndGlobalSection
	GlobalSection(SolutionProperties) = preSolution
		HideSolutionNode = FALSE
	EndGlobalSection
	GlobalSection(ExtensibilityGlobals) = postSolution
		SolutionGuid = {35A6BAB2-E463-4AC6-A534-6BCC2BC5A179}
	EndGlobalSection
EndGlobal
